
Microsoft Visual Studio Solution File, Format Version 12.00
# Visual Studio Version 16
VisualStudioVersion = 16.0.29911.84
MinimumVisualStudioVersion = 10.0.40219.1
Project("{9A19103F-16F7-4668-BE54-9A1E7A4F7556}") = "Zoo", "Zoo\Zoo.csproj", "{151C3EBC-A1A3-4072-844E-C85FF912CF4C}"
EndProject
Project("{FAE04EC0-301F-11D3-BF4B-00C04F79EFBC}") = "ZooTests", "ZooTests\ZooTests.csproj", "{73BDEBC2-3169-43E1-BB53-A79B9FE4A0DF}"
EndProject
Global
	GlobalSection(SolutionConfigurationPlatforms) = preSolution
		Debug|Any CPU = Debug|Any CPU
		Release|Any CPU = Release|Any CPU
	EndGlobalSection
	GlobalSection(ProjectConfigurationPlatforms) = postSolution
		{151C3EBC-A1A3-4072-844E-C85FF912CF4C}.Debug|Any CPU.ActiveCfg = Debug|Any CPU
		{151C3EBC-A1A3-4072-844E-C85FF912CF4C}.Debug|Any CPU.Build.0 = Debug|Any CPU
		{151C3EBC-A1A3-4072-844E-C85FF912CF4C}.Release|Any CPU.ActiveCfg = Release|Any CPU
		{151C3EBC-A1A3-4072-844E-C85FF912CF4C}.Release|Any CPU.Build.0 = Release|Any CPU
		{73BDEBC2-3169-43E1-BB53-A79B9FE4A0DF}.Debug|Any CPU.ActiveCfg = Debug|Any CPU
		{73BDEBC2-3169-43E1-BB53-A79B9FE4A0DF}.Debug|Any CPU.Build.0 = Debug|Any CPU
		{73BDEBC2-3169-43E1-BB53-A79B9FE4A0DF}.Release|Any CPU.ActiveCfg = Release|Any CPU
		{73BDEBC2-3169-43E1-BB53-A79B9FE4A0DF}.Release|Any CPU.Build.0 = Release|Any CPU
	EndGlobalSection
	GlobalSection(SolutionProperties) = preSolution
		HideSolutionNode = FALSE
	EndGlobalSection
	GlobalSection(ExtensibilityGlobals) = postSolution
		SolutionGuid = {BF563DAA-F43F-415A-B9DD-65EC4341D8D5}
	EndGlobalSection
EndGlobal
